
Microsoft Visual Studio Solution File, Format Version 12.00
# Visual Studio Version 16
VisualStudioVersion = 16.0.32106.194
MinimumVisualStudioVersion = 10.0.40219.1
Project("{FAE04EC0-301F-11D3-BF4B-00C04F79EFBC}") = "TanulasEllenorzoKviz", "TanulasEllenorzoKviz.csproj", "{5434C962-62FD-4290-987A-D264D6AE855E}"
EndProject
Global
	GlobalSection(SolutionConfigurationPlatforms) = preSolution
		Debug|Any CPU = Debug|Any CPU
		Release|Any CPU = Release|Any CPU
	EndGlobalSection
	GlobalSection(ProjectConfigurationPlatforms) = postSolution
		{5434C962-62FD-4290-987A-D264D6AE855E}.Debug|Any CPU.ActiveCfg = Debug|Any CPU
		{5434C962-62FD-4290-987A-D264D6AE855E}.Debug|Any CPU.Build.0 = Debug|Any CPU
		{5434C962-62FD-4290-987A-D264D6AE855E}.Release|Any CPU.ActiveCfg = Release|Any CPU
		{5434C962-62FD-4290-987A-D264D6AE855E}.Release|Any CPU.Build.0 = Release|Any CPU
	EndGlobalSection
	GlobalSection(SolutionProperties) = preSolution
		HideSolutionNode = FALSE
	EndGlobalSection
	GlobalSection(ExtensibilityGlobals) = postSolution
		SolutionGuid = {66D11128-7BD0-426B-9EF4-82EAB74F40C6}
	EndGlobalSection
EndGlobal
